
Microsoft Visual Studio Solution File, Format Version 12.00
# Visual Studio 15
VisualStudioVersion = 15.0.27703.2035
MinimumVisualStudioVersion = 10.0.40219.1
Project("{FAE04EC0-301F-11D3-BF4B-00C04F79EFBC}") = "App1", "App1\App1.csproj", "{BE639AFE-CACA-48F9-93A4-7C9BF2886769}"
EndProject
Project("{FAE04EC0-301F-11D3-BF4B-00C04F79EFBC}") = "UnitTestProject2", "UnitTestProject2\UnitTestProject2.csproj", "{36E1ACD4-E8D0-44C2-8220-BD9FD8F153D0}"
EndProject
Global
	GlobalSection(SolutionConfigurationPlatforms) = preSolution
		Debug|Any CPU = Debug|Any CPU
		Debug|ARM = Debug|ARM
		Debug|x64 = Debug|x64
		Debug|x86 = Debug|x86
		Release|Any CPU = Release|Any CPU
		Release|ARM = Release|ARM
		Release|x64 = Release|x64
		Release|x86 = Release|x86
	EndGlobalSection
	GlobalSection(ProjectConfigurationPlatforms) = postSolution
		{BE639AFE-CACA-48F9-93A4-7C9BF2886769}.Debug|Any CPU.ActiveCfg = Debug|x86
		{BE639AFE-CACA-48F9-93A4-7C9BF2886769}.Debug|ARM.ActiveCfg = Debug|ARM
		{BE639AFE-CACA-48F9-93A4-7C9BF2886769}.Debug|ARM.Build.0 = Debug|ARM
		{BE639AFE-CACA-48F9-93A4-7C9BF2886769}.Debug|ARM.Deploy.0 = Debug|ARM
		{BE639AFE-CACA-48F9-93A4-7C9BF2886769}.Debug|x64.ActiveCfg = Debug|x64
		{BE639AFE-CACA-48F9-93A4-7C9BF2886769}.Debug|x64.Build.0 = Debug|x64
		{BE639AFE-CACA-48F9-93A4-7C9BF2886769}.Debug|x64.Deploy.0 = Debug|x64
		{BE639AFE-CACA-48F9-93A4-7C9BF2886769}.Debug|x86.ActiveCfg = Debug|x86
		{BE639AFE-CACA-48F9-93A4-7C9BF2886769}.Debug|x86.Build.0 = Debug|x86
		{BE639AFE-CACA-48F9-93A4-7C9BF2886769}.Debug|x86.Deploy.0 = Debug|x86
		{BE639AFE-CACA-48F9-93A4-7C9BF2886769}.Release|Any CPU.ActiveCfg = Release|x86
		{BE639AFE-CACA-48F9-93A4-7C9BF2886769}.Release|ARM.ActiveCfg = Release|ARM
		{BE639AFE-CACA-48F9-93A4-7C9BF2886769}.Release|ARM.Build.0 = Release|ARM
		{BE639AFE-CACA-48F9-93A4-7C9BF2886769}.Release|ARM.Deploy.0 = Release|ARM
		{BE639AFE-CACA-48F9-93A4-7C9BF2886769}.Release|x64.ActiveCfg = Release|x64
		{BE639AFE-CACA-48F9-93A4-7C9BF2886769}.Release|x64.Build.0 = Release|x64
		{BE639AFE-CACA-48F9-93A4-7C9BF2886769}.Release|x64.Deploy.0 = Release|x64
		{BE639AFE-CACA-48F9-93A4-7C9BF2886769}.Release|x86.ActiveCfg = Release|x86
		{BE639AFE-CACA-48F9-93A4-7C9BF2886769}.Release|x86.Build.0 = Release|x86
		{BE639AFE-CACA-48F9-93A4-7C9BF2886769}.Release|x86.Deploy.0 = Release|x86
		{36E1ACD4-E8D0-44C2-8220-BD9FD8F153D0}.Debug|Any CPU.ActiveCfg = Debug|x86
		{36E1ACD4-E8D0-44C2-8220-BD9FD8F153D0}.Debug|ARM.ActiveCfg = Debug|ARM
		{36E1ACD4-E8D0-44C2-8220-BD9FD8F153D0}.Debug|ARM.Build.0 = Debug|ARM
		{36E1ACD4-E8D0-44C2-8220-BD9FD8F153D0}.Debug|ARM.Deploy.0 = Debug|ARM
		{36E1ACD4-E8D0-44C2-8220-BD9FD8F153D0}.Debug|x64.ActiveCfg = Debug|x64
		{36E1ACD4-E8D0-44C2-8220-BD9FD8F153D0}.Debug|x64.Build.0 = Debug|x64
		{36E1ACD4-E8D0-44C2-8220-BD9FD8F153D0}.Debug|x64.Deploy.0 = Debug|x64
		{36E1ACD4-E8D0-44C2-8220-BD9FD8F153D0}.Debug|x86.ActiveCfg = Debug|x86
		{36E1ACD4-E8D0-44C2-8220-BD9FD8F153D0}.Debug|x86.Build.0 = Debug|x86
		{36E1ACD4-E8D0-44C2-8220-BD9FD8F153D0}.Debug|x86.Deploy.0 = Debug|x86
		{36E1ACD4-E8D0-44C2-8220-BD9FD8F153D0}.Release|Any CPU.ActiveCfg = Release|x86
		{36E1ACD4-E8D0-44C2-8220-BD9FD8F153D0}.Release|ARM.ActiveCfg = Release|ARM
		{36E1ACD4-E8D0-44C2-8220-BD9FD8F153D0}.Release|ARM.Build.0 = Release|ARM
		{36E1ACD4-E8D0-44C2-8220-BD9FD8F153D0}.Release|ARM.Deploy.0 = Release|ARM
		{36E1ACD4-E8D0-44C2-8220-BD9FD8F153D0}.Release|x64.ActiveCfg = Release|x64
		{36E1ACD4-E8D0-44C2-8220-BD9FD8F153D0}.Release|x64.Build.0 = Release|x64
		{36E1ACD4-E8D0-44C2-8220-BD9FD8F153D0}.Release|x64.Deploy.0 = Release|x64
		{36E1ACD4-E8D0-44C2-8220-BD9FD8F153D0}.Release|x86.ActiveCfg = Release|x86
		{36E1ACD4-E8D0-44C2-8220-BD9FD8F153D0}.Release|x86.Build.0 = Release|x86
		{36E1ACD4-E8D0-44C2-8220-BD9FD8F153D0}.Release|x86.Deploy.0 = Release|x86
	EndGlobalSection
	GlobalSection(SolutionProperties) = preSolution
		HideSolutionNode = FALSE
	EndGlobalSection
	GlobalSection(ExtensibilityGlobals) = postSolution
		SolutionGuid = {9495B1A0-A971-4607-A29D-7F51803155BF}
	EndGlobalSection
EndGlobal
